// !$*UTF8*$!
{
	archiveVersion = 1;
	classes = {
	};
	objectVersion = 46;
	objects = {

/* Begin PBXBuildFile section */
		8B1711551FD3E517007AC679 /* AppDelegate.swift in Sources */ = {isa = PBXBuildFile; fileRef = 8B1711541FD3E517007AC679 /* AppDelegate.swift */; };
		8B1711571FD3E517007AC679 /* ViewController.swift in Sources */ = {isa = PBXBuildFile; fileRef = 8B1711561FD3E517007AC679 /* ViewController.swift */; };
		8B17115A1FD3E517007AC679 /* Main.storyboard in Resources */ = {isa = PBXBuildFile; fileRef = 8B1711581FD3E517007AC679 /* Main.storyboard */; };
		8B17115C1FD3E517007AC679 /* Assets.xcassets in Resources */ = {isa = PBXBuildFile; fileRef = 8B17115B1FD3E517007AC679 /* Assets.xcassets */; };
		8B17115F1FD3E517007AC679 /* LaunchScreen.storyboard in Resources */ = {isa = PBXBuildFile; fileRef = 8B17115D1FD3E517007AC679 /* LaunchScreen.storyboard */; };
		8B17116A1FD3E517007AC679 /* pitchPerfectTests.swift in Sources */ = {isa = PBXBuildFile; fileRef = 8B1711691FD3E517007AC679 /* pitchPerfectTests.swift */; };
		8B1711751FD3E517007AC679 /* pitchPerfectUITests.swift in Sources */ = {isa = PBXBuildFile; fileRef = 8B1711741FD3E517007AC679 /* pitchPerfectUITests.swift */; };
/* End PBXBuildFile section */

/* Begin PBXContainerItemProxy section */
		8B1711661FD3E517007AC679 /* PBXContainerItemProxy */ = {
			isa = PBXContainerItemProxy;
			containerPortal = 8B1711491FD3E517007AC679 /* Project object */;
			proxyType = 1;
			remoteGlobalIDString = 8B1711501FD3E517007AC679;
			remoteInfo = pitchPerfect;
		};
		8B1711711FD3E517007AC679 /* PBXContainerItemProxy */ = {
			isa = PBXContainerItemProxy;
			containerPortal = 8B1711491FD3E517007AC679 /* Project object */;
			proxyType = 1;
			remoteGlobalIDString = 8B1711501FD3E517007AC679;
			remoteInfo = pitchPerfect;
		};
/* End PBXContainerItemProxy section */

/* Begin PBXFileReference section */
		8B1711511FD3E517007AC679 /* pitchPerfect.app */ = {isa = PBXFileReference; explicitFileType = wrapper.application; includeInIndex = 0; path = pitchPerfect.app; sourceTree = BUILT_PRODUCTS_DIR; };
		8B1711541FD3E517007AC679 /* AppDelegate.swift */ = {isa = PBXFileReference; lastKnownFileType = sourcecode.swift; path = AppDelegate.swift; sourceTree = "<group>"; };
		8B1711561FD3E517007AC679 /* ViewController.swift */ = {isa = PBXFileReference; lastKnownFileType = sourcecode.swift; path = ViewController.swift; sourceTree = "<group>"; };
		8B1711591FD3E517007AC679 /* Base */ = {isa = PBXFileReference; lastKnownFileType = file.storyboard; name = Base; path = Base.lproj/Main.storyboard; sourceTree = "<group>"; };
		8B17115B1FD3E517007AC679 /* Assets.xcassets */ = {isa = PBXFileReference; lastKnownFileType = folder.assetcatalog; path = Assets.xcassets; sourceTree = "<group>"; };
		8B17115E1FD3E517007AC679 /* Base */ = {isa = PBXFileReference; lastKnownFileType = file.storyboard; name = Base; path = Base.lproj/LaunchScreen.storyboard; sourceTree = "<group>"; };
		8B1711601FD3E517007AC679 /* Info.plist */ = {isa = PBXFileReference; lastKnownFileType = text.plist.xml; path = Info.plist; sourceTree = "<group>"; };
		8B1711651FD3E517007AC679 /* pitchPerfectTests.xctest */ = {isa = PBXFileReference; explicitFileType = wrapper.cfbundle; includeInIndex = 0; path = pitchPerfectTests.xctest; sourceTree = BUILT_PRODUCTS_DIR; };
		8B1711691FD3E517007AC679 /* pitchPerfectTests.swift */ = {isa = PBXFileReference; lastKnownFileType = sourcecode.swift; path = pitchPerfectTests.swift; sourceTree = "<group>"; };
		8B17116B1FD3E517007AC679 /* Info.plist */ = {isa = PBXFileReference; lastKnownFileType = text.plist.xml; path = Info.plist; sourceTree = "<group>"; };
		8B1711701FD3E517007AC679 /* pitchPerfectUITests.xctest */ = {isa = PBXFileReference; explicitFileType = wrapper.cfbundle; includeInIndex = 0; path = pitchPerfectUITests.xctest; sourceTree = BUILT_PRODUCTS_DIR; };
		8B1711741FD3E517007AC679 /* pitchPerfectUITests.swift */ = {isa = PBXFileReference; lastKnownFileType = sourcecode.swift; path = pitchPerfectUITests.swift; sourceTree = "<group>"; };
		8B1711761FD3E517007AC679 /* Info.plist */ = {isa = PBXFileReference; lastKnownFileType = text.plist.xml; path = Info.plist; sourceTree = "<group>"; };
/* End PBXFileReference section */

/* Begin PBXFrameworksBuildPhase section */
		8B17114E1FD3E517007AC679 /* Frameworks */ = {
			isa = PBXFrameworksBuildPhase;
			buildActionMask = 2147483647;
			files = (
			);
			runOnlyForDeploymentPostprocessing = 0;
		};
		8B1711621FD3E517007AC679 /* Frameworks */ = {
			isa = PBXFrameworksBuildPhase;
			buildActionMask = 2147483647;
			files = (
			);
			runOnlyForDeploymentPostprocessing = 0;
		};
		8B17116D1FD3E517007AC679 /* Frameworks */ = {
			isa = PBXFrameworksBuildPhase;
			buildActionMask = 2147483647;
			files = (
			);
			runOnlyForDeploymentPostprocessing = 0;
		};
/* End PBXFrameworksBuildPhase section */

/* Begin PBXGroup section */
		8B1711481FD3E517007AC679 = {
			isa = PBXGroup;
			children = (
				8B1711531FD3E517007AC679 /* pitchPerfect */,
				8B1711681FD3E517007AC679 /* pitchPerfectTests */,
				8B1711731FD3E517007AC679 /* pitchPerfectUITests */,
				8B1711521FD3E517007AC679 /* Products */,
			);
			sourceTree = "<group>";
		};
		8B1711521FD3E517007AC679 /* Products */ = {
			isa = PBXGroup;
			children = (
				8B1711511FD3E517007AC679 /* pitchPerfect.app */,
				8B1711651FD3E517007AC679 /* pitchPerfectTests.xctest */,
				8B1711701FD3E517007AC679 /* pitchPerfectUITests.xctest */,
			);
			name = Products;
			sourceTree = "<group>";
		};
		8B1711531FD3E517007AC679 /* pitchPerfect */ = {
			isa = PBXGroup;
			children = (
				8B1711541FD3E517007AC679 /* AppDelegate.swift */,
				8B1711561FD3E517007AC679 /* ViewController.swift */,
				8B1711581FD3E517007AC679 /* Main.storyboard */,
				8B17115B1FD3E517007AC679 /* Assets.xcassets */,
				8B17115D1FD3E517007AC679 /* LaunchScreen.storyboard */,
				8B1711601FD3E517007AC679 /* Info.plist */,
			);
			path = pitchPerfect;
			sourceTree = "<group>";
		};
		8B1711681FD3E517007AC679 /* pitchPerfectTests */ = {
			isa = PBXGroup;
			children = (
				8B1711691FD3E517007AC679 /* pitchPerfectTests.swift */,
				8B17116B1FD3E517007AC679 /* Info.plist */,
			);
			path = pitchPerfectTests;
			sourceTree = "<group>";
		};
		8B1711731FD3E517007AC679 /* pitchPerfectUITests */ = {
			isa = PBXGroup;
			children = (
				8B1711741FD3E517007AC679 /* pitchPerfectUITests.swift */,
				8B1711761FD3E517007AC679 /* Info.plist */,
			);
			path = pitchPerfectUITests;
			sourceTree = "<group>";
		};
/* End PBXGroup section */

/* Begin PBXNativeTarget section */
		8B1711501FD3E517007AC679 /* pitchPerfect */ = {
			isa = PBXNativeTarget;
			buildConfigurationList = 8B1711791FD3E517007AC679 /* Build configuration list for PBXNativeTarget "pitchPerfect" */;
			buildPhases = (
				8B17114D1FD3E517007AC679 /* Sources */,
				8B17114E1FD3E517007AC679 /* Frameworks */,
				8B17114F1FD3E517007AC679 /* Resources */,
			);
			buildRules = (
			);
			dependencies = (
			);
			name = pitchPerfect;
			productName = pitchPerfect;
			productReference = 8B1711511FD3E517007AC679 /* pitchPerfect.app */;
			productType = "com.apple.product-type.application";
		};
		8B1711641FD3E517007AC679 /* pitchPerfectTests */ = {
			isa = PBXNativeTarget;
			buildConfigurationList = 8B17117C1FD3E517007AC679 /* Build configuration list for PBXNativeTarget "pitchPerfectTests" */;
			buildPhases = (
				8B1711611FD3E517007AC679 /* Sources */,
				8B1711621FD3E517007AC679 /* Frameworks */,
				8B1711631FD3E517007AC679 /* Resources */,
			);
			buildRules = (
			);
			dependencies = (
				8B1711671FD3E517007AC679 /* PBXTargetDependency */,
			);
			name = pitchPerfectTests;
			productName = pitchPerfectTests;
			productReference = 8B1711651FD3E517007AC679 /* pitchPerfectTests.xctest */;
			productType = "com.apple.product-type.bundle.unit-test";
		};
		8B17116F1FD3E517007AC679 /* pitchPerfectUITests */ = {
			isa = PBXNativeTarget;
			buildConfigurationList = 8B17117F1FD3E517007AC679 /* Build configuration list for PBXNativeTarget "pitchPerfectUITests" */;
			buildPhases = (
				8B17116C1FD3E517007AC679 /* Sources */,
				8B17116D1FD3E517007AC679 /* Frameworks */,
				8B17116E1FD3E517007AC679 /* Resources */,
			);
			buildRules = (
			);
			dependencies = (
				8B1711721FD3E517007AC679 /* PBXTargetDependency */,
			);
			name = pitchPerfectUITests;
			productName = pitchPerfectUITests;
			productReference = 8B1711701FD3E517007AC679 /* pitchPerfectUITests.xctest */;
			productType = "com.apple.product-type.bundle.ui-testing";
		};
/* End PBXNativeTarget section */

/* Begin PBXProject section */
		8B1711491FD3E517007AC679 /* Project object */ = {
			isa = PBXProject;
			attributes = {
				LastSwiftUpdateCheck = 0800;
				LastUpgradeCheck = 0800;
				ORGANIZATIONNAME = "Nano Degree";
				TargetAttributes = {
					8B1711501FD3E517007AC679 = {
						CreatedOnToolsVersion = 8.0;
						ProvisioningStyle = Automatic;
					};
					8B1711641FD3E517007AC679 = {
						CreatedOnToolsVersion = 8.0;
						ProvisioningStyle = Automatic;
						TestTargetID = 8B1711501FD3E517007AC679;
					};
					8B17116F1FD3E517007AC679 = {
						CreatedOnToolsVersion = 8.0;
						ProvisioningStyle = Automatic;
						TestTargetID = 8B1711501FD3E517007AC679;
					};
				};
			};
			buildConfigurationList = 8B17114C1FD3E517007AC679 /* Build configuration list for PBXProject "pitchPerfect" */;
			compatibilityVersion = "Xcode 3.2";
			developmentRegion = English;
			hasScannedForEncodings = 0;
			knownRegions = (
				en,
				Base,
			);
			mainGroup = 8B1711481FD3E517007AC679;
			productRefGroup = 8B1711521FD3E517007AC679 /* Products */;
			projectDirPath = "";
			projectRoot = "";
			targets = (
				8B1711501FD3E517007AC679 /* pitchPerfect */,
				8B1711641FD3E517007AC679 /* pitchPerfectTests */,
				8B17116F1FD3E517007AC679 /* pitchPerfectUITests */,
			);
		};
/* End PBXProject section */

/* Begin PBXResourcesBuildPhase section */
		8B17114F1FD3E517007AC679 /* Resources */ = {
			isa = PBXResourcesBuildPhase;
			buildActionMask = 2147483647;
			files = (
				8B17115F1FD3E517007AC679 /* LaunchScreen.storyboard in Resources */,
				8B17115C1FD3E517007AC679 /* Assets.xcassets in Resources */,
				8B17115A1FD3E517007AC679 /* Main.storyboard in Resources */,
			);
			runOnlyForDeploymentPostprocessing = 0;
		};
		8B1711631FD3E517007AC679 /* Resources */ = {
			isa = PBXResourcesBuildPhase;
			buildActionMask = 2147483647;
			files = (
			);
			runOnlyForDeploymentPostprocessing = 0;
		};
		8B17116E1FD3E517007AC679 /* Resources */ = {
			isa = PBXResourcesBuildPhase;
			buildActionMask = 2147483647;
			files = (
			);
			runOnlyForDeploymentPostprocessing = 0;
		};
/* End PBXResourcesBuildPhase section */

/* Begin PBXSourcesBuildPhase section */
		8B17114D1FD3E517007AC679 /* Sources */ = {
			isa = PBXSourcesBuildPhase;
			buildActionMask = 2147483647;
			files = (
				8B1711571FD3E517007AC679 /* ViewController.swift in Sources */,
				8B1711551FD3E517007AC679 /* AppDelegate.swift in Sources */,
			);
			runOnlyForDeploymentPostprocessing = 0;
		};
		8B1711611FD3E517007AC679 /* Sources */ = {
			isa = PBXSourcesBuildPhase;
			buildActionMask = 2147483647;
			files = (
				8B17116A1FD3E517007AC679 /* pitchPerfectTests.swift in Sources */,
			);
			runOnlyForDeploymentPostprocessing = 0;
		};
		8B17116C1FD3E517007AC679 /* Sources */ = {
			isa = PBXSourcesBuildPhase;
			buildActionMask = 2147483647;
			files = (
				8B1711751FD3E517007AC679 /* pitchPerfectUITests.swift in Sources */,
			);
			runOnlyForDeploymentPostprocessing = 0;
		};
/* End PBXSourcesBuildPhase section */

/* Begin PBXTargetDependency section */
		8B1711671FD3E517007AC679 /* PBXTargetDependency */ = {
			isa = PBXTargetDependency;
			target = 8B1711501FD3E517007AC679 /* pitchPerfect */;
			targetProxy = 8B1711661FD3E517007AC679 /* PBXContainerItemProxy */;
		};
		8B1711721FD3E517007AC679 /* PBXTargetDependency */ = {
			isa = PBXTargetDependency;
			target = 8B1711501FD3E517007AC679 /* pitchPerfect */;
			targetProxy = 8B1711711FD3E517007AC679 /* PBXContainerItemProxy */;
		};
/* End PBXTargetDependency section */

/* Begin PBXVariantGroup section */
		8B1711581FD3E517007AC679 /* Main.storyboard */ = {
			isa = PBXVariantGroup;
			children = (
				8B1711591FD3E517007AC679 /* Base */,
			);
			name = Main.storyboard;
			sourceTree = "<group>";
		};
		8B17115D1FD3E517007AC679 /* LaunchScreen.storyboard */ = {
			isa = PBXVariantGroup;
			children = (
				8B17115E1FD3E517007AC679 /* Base */,
			);
			name = LaunchScreen.storyboard;
			sourceTree = "<group>";
		};
/* End PBXVariantGroup section */

/* Begin XCBuildConfiguration section */
		8B1711771FD3E517007AC679 /* Debug */ = {
			isa = XCBuildConfiguration;
			buildSettings = {
				ALWAYS_SEARCH_USER_PATHS = NO;
				CLANG_ANALYZER_NONNULL = YES;
				CLANG_CXX_LANGUAGE_STANDARD = "gnu++0x";
				CLANG_CXX_LIBRARY = "libc++";
				CLANG_ENABLE_MODULES = YES;
				CLANG_ENABLE_OBJC_ARC = YES;
				CLANG_WARN_BOOL_CONVERSION = YES;
				CLANG_WARN_CONSTANT_CONVERSION = YES;
				CLANG_WARN_DIRECT_OBJC_ISA_USAGE = YES_ERROR;
				CLANG_WARN_DOCUMENTATION_COMMENTS = YES;
				CLANG_WARN_EMPTY_BODY = YES;
				CLANG_WARN_ENUM_CONVERSION = YES;
				CLANG_WARN_INFINITE_RECURSION = YES;
				CLANG_WARN_INT_CONVERSION = YES;
				CLANG_WARN_OBJC_ROOT_CLASS = YES_ERROR;
				CLANG_WARN_SUSPICIOUS_MOVES = YES;
				CLANG_WARN_UNREACHABLE_CODE = YES;
				CLANG_WARN__DUPLICATE_METHOD_MATCH = YES;
				"CODE_SIGN_IDENTITY[sdk=iphoneos*]" = "iPhone Developer";
				COPY_PHASE_STRIP = NO;
				DEBUG_INFORMATION_FORMAT = dwarf;
				ENABLE_STRICT_OBJC_MSGSEND = YES;
				ENABLE_TESTABILITY = YES;
				GCC_C_LANGUAGE_STANDARD = gnu99;
				GCC_DYNAMIC_NO_PIC = NO;
				GCC_NO_COMMON_BLOCKS = YES;
				GCC_OPTIMIZATION_LEVEL = 0;
				GCC_PREPROCESSOR_DEFINITIONS = (
					"DEBUG=1",
					"$(inherited)",
				);
				GCC_WARN_64_TO_32_BIT_CONVERSION = YES;
				GCC_WARN_ABOUT_RETURN_TYPE = YES_ERROR;
				GCC_WARN_UNDECLARED_SELECTOR = YES;
				GCC_WARN_UNINITIALIZED_AUTOS = YES_AGGRESSIVE;
				GCC_WARN_UNUSED_FUNCTION = YES;
				GCC_WARN_UNUSED_VARIABLE = YES;
				IPHONEOS_DEPLOYMENT_TARGET = 10.0;
				MTL_ENABLE_DEBUG_INFO = YES;
				ONLY_ACTIVE_ARCH = YES;
				SDKROOT = iphoneos;
				SWIFT_ACTIVE_COMPILATION_CONDITIONS = DEBUG;
				SWIFT_OPTIMIZATION_LEVEL = "-Onone";
				TARGETED_DEVICE_FAMILY = "1,2";
			};
			name = Debug;
		};
		8B1711781FD3E517007AC679 /* Release */ = {
			isa = XCBuildConfiguration;
			buildSettings = {
				ALWAYS_SEARCH_USER_PATHS = NO;
				CLANG_ANALYZER_NONNULL = YES;
				CLANG_CXX_LANGUAGE_STANDARD = "gnu++0x";
				CLANG_CXX_LIBRARY = "libc++";
				CLANG_ENABLE_MODULES = YES;
				CLANG_ENABLE_OBJC_ARC = YES;
				CLANG_WARN_BOOL_CONVERSION = YES;
				CLANG_WARN_CONSTANT_CONVERSION = YES;
				CLANG_WARN_DIRECT_OBJC_ISA_USAGE = YES_ERROR;
				CLANG_WARN_DOCUMENTATION_COMMENTS = YES;
				CLANG_WARN_EMPTY_BODY = YES;
				CLANG_WARN_ENUM_CONVERSION = YES;
				CLANG_WARN_INFINITE_RECURSION = YES;
				CLANG_WARN_INT_CONVERSION = YES;
				CLANG_WARN_OBJC_ROOT_CLASS = YES_ERROR;
				CLANG_WARN_SUSPICIOUS_MOVES = YES;
				CLANG_WARN_UNREACHABLE_CODE = YES;
				CLANG_WARN__DUPLICATE_METHOD_MATCH = YES;
				"CODE_SIGN_IDENTITY[sdk=iphoneos*]" = "iPhone Developer";
				COPY_PHASE_STRIP = NO;
				DEBUG_INFORMATION_FORMAT = "dwarf-with-dsym";
				ENABLE_NS_ASSERTIONS = NO;
				ENABLE_STRICT_OBJC_MSGSEND = YES;
				GCC_C_LANGUAGE_STANDARD = gnu99;
				GCC_NO_COMMON_BLOCKS = YES;
				GCC_WARN_64_TO_32_BIT_CONVERSION = YES;
				GCC_WARN_ABOUT_RETURN_TYPE = YES_ERROR;
				GCC_WARN_UNDECLARED_SELECTOR = YES;
				GCC_WARN_UNINITIALIZED_AUTOS = YES_AGGRESSIVE;
				GCC_WARN_UNUSED_FUNCTION = YES;
				GCC_WARN_UNUSED_VARIABLE = YES;
				IPHONEOS_DEPLOYMENT_TARGET = 10.0;
				MTL_ENABLE_DEBUG_INFO = NO;
				SDKROOT = iphoneos;
				SWIFT_OPTIMIZATION_LEVEL = "-Owholemodule";
				TARGETED_DEVICE_FAMILY = "1,2";
				VALIDATE_PRODUCT = YES;
			};
			name = Release;
		};
		8B17117A1FD3E517007AC679 /* Debug */ = {
			isa = XCBuildConfiguration;
			buildSettings = {
				ASSETCATALOG_COMPILER_APPICON_NAME = AppIcon;
				INFOPLIST_FILE = pitchPerfect/Info.plist;
				LD_RUNPATH_SEARCH_PATHS = "$(inherited) @executable_path/Frameworks";
				PRODUCT_BUNDLE_IDENTIFIER = nanoDegree.pitchPerfect;
				PRODUCT_NAME = "$(TARGET_NAME)";
				SWIFT_VERSION = 3.0;
			};
			name = Debug;
		};
		8B17117B1FD3E517007AC679 /* Release */ = {
			isa = XCBuildConfiguration;
			buildSettings = {
				ASSETCATALOG_COMPILER_APPICON_NAME = AppIcon;
				INFOPLIST_FILE = pitchPerfect/Info.plist;
				LD_RUNPATH_SEARCH_PATHS = "$(inherited) @executable_path/Frameworks";
				PRODUCT_BUNDLE_IDENTIFIER = nanoDegree.pitchPerfect;
				PRODUCT_NAME = "$(TARGET_NAME)";
				SWIFT_VERSION = 3.0;
			};
			name = Release;
		};
		8B17117D1FD3E517007AC679 /* Debug */ = {
			isa = XCBuildConfiguration;
			buildSettings = {
				ALWAYS_EMBED_SWIFT_STANDARD_LIBRARIES = YES;
				BUNDLE_LOADER = "$(TEST_HOST)";
				INFOPLIST_FILE = pitchPerfectTests/Info.plist;
				LD_RUNPATH_SEARCH_PATHS = "$(inherited) @executable_path/Frameworks @loader_path/Frameworks";
				PRODUCT_BUNDLE_IDENTIFIER = nanoDegree.pitchPerfectTests;
				PRODUCT_NAME = "$(TARGET_NAME)";
				SWIFT_VERSION = 3.0;
				TEST_HOST = "$(BUILT_PRODUCTS_DIR)/pitchPerfect.app/pitchPerfect";
			};
			name = Debug;
		};
		8B17117E1FD3E517007AC679 /* Release */ = {
			isa = XCBuildConfiguration;
			buildSettings = {
				ALWAYS_EMBED_SWIFT_STANDARD_LIBRARIES = YES;
				BUNDLE_LOADER = "$(TEST_HOST)";
				INFOPLIST_FILE = pitchPerfectTests/Info.plist;
				LD_RUNPATH_SEARCH_PATHS = "$(inherited) @executable_path/Frameworks @loader_path/Frameworks";
				PRODUCT_BUNDLE_IDENTIFIER = nanoDegree.pitchPerfectTests;
				PRODUCT_NAME = "$(TARGET_NAME)";
				SWIFT_VERSION = 3.0;
				TEST_HOST = "$(BUILT_PRODUCTS_DIR)/pitchPerfect.app/pitchPerfect";
			};
			name = Release;
		};
		8B1711801FD3E517007AC679 /* Debug */ = {
			isa = XCBuildConfiguration;
			buildSettings = {
				ALWAYS_EMBED_SWIFT_STANDARD_LIBRARIES = YES;
				INFOPLIST_FILE = pitchPerfectUITests/Info.plist;
				LD_RUNPATH_SEARCH_PATHS = "$(inherited) @executable_path/Frameworks @loader_path/Frameworks";
				PRODUCT_BUNDLE_IDENTIFIER = nanoDegree.pitchPerfectUITests;
				PRODUCT_NAME = "$(TARGET_NAME)";
				SWIFT_VERSION = 3.0;
				TEST_TARGET_NAME = pitchPerfect;
			};
			name = Debug;
		};
		8B1711811FD3E517007AC679 /* Release */ = {
			isa = XCBuildConfiguration;
			buildSettings = {
				ALWAYS_EMBED_SWIFT_STANDARD_LIBRARIES = YES;
				INFOPLIST_FILE = pitchPerfectUITests/Info.plist;
				LD_RUNPATH_SEARCH_PATHS = "$(inherited) @executable_path/Frameworks @loader_path/Frameworks";
				PRODUCT_BUNDLE_IDENTIFIER = nanoDegree.pitchPerfectUITests;
				PRODUCT_NAME = "$(TARGET_NAME)";
				SWIFT_VERSION = 3.0;
				TEST_TARGET_NAME = pitchPerfect;
			};
			name = Release;
		};
/* End XCBuildConfiguration section */

/* Begin XCConfigurationList section */
		8B17114C1FD3E517007AC679 /* Build configuration list for PBXProject "pitchPerfect" */ = {
			isa = XCConfigurationList;
			buildConfigurations = (
				8B1711771FD3E517007AC679 /* Debug */,
				8B1711781FD3E517007AC679 /* Release */,
			);
			defaultConfigurationIsVisible = 0;
			defaultConfigurationName = Release;
		};
		8B1711791FD3E517007AC679 /* Build configuration list for PBXNativeTarget "pitchPerfect" */ = {
			isa = XCConfigurationList;
			buildConfigurations = (
				8B17117A1FD3E517007AC679 /* Debug */,
				8B17117B1FD3E517007AC679 /* Release */,
			);
			defaultConfigurationIsVisible = 0;
		};
		8B17117C1FD3E517007AC679 /* Build configuration list for PBXNativeTarget "pitchPerfectTests" */ = {
			isa = XCConfigurationList;
			buildConfigurations = (
				8B17117D1FD3E517007AC679 /* Debug */,
				8B17117E1FD3E517007AC679 /* Release */,
			);
			defaultConfigurationIsVisible = 0;
		};
		8B17117F1FD3E517007AC679 /* Build configuration list for PBXNativeTarget "pitchPerfectUITests" */ = {
			isa = XCConfigurationList;
			buildConfigurations = (
				8B1711801FD3E517007AC679 /* Debug */,
				8B1711811FD3E517007AC679 /* Release */,
			);
			defaultConfigurationIsVisible = 0;
		};
/* End XCConfigurationList section */
	};
	rootObject = 8B1711491FD3E517007AC679 /* Project object */;
}
